
Microsoft Visual Studio Solution File, Format Version 12.00
# Visual Studio Version 16
VisualStudioVersion = 16.0.30611.23
MinimumVisualStudioVersion = 10.0.40219.1
Project("{8BC9CEB8-8B4A-11D0-8D11-00A0C91BC942}") = "Sandbox", "Sandbox\Sandbox.vcxproj", "{8FC32900-833D-45C7-8771-85F8AAF8F106}"
EndProject
Project("{8BC9CEB8-8B4A-11D0-8D11-00A0C91BC942}") = "Island", "Island\Island.vcxproj", "{B3DB62FD-CD84-4EE0-847C-1CBE8F71F501}"
EndProject
Global
	GlobalSection(SolutionConfigurationPlatforms) = preSolution
		Debug|x64 = Debug|x64
		Release|x64 = Release|x64
	EndGlobalSection
	GlobalSection(ProjectConfigurationPlatforms) = postSolution
		{B3DB62FD-CD84-4EE0-847C-1CBE8F71F501}.Debug|x64.ActiveCfg = Debug|x64
		{B3DB62FD-CD84-4EE0-847C-1CBE8F71F501}.Debug|x64.Build.0 = Debug|x64
		{B3DB62FD-CD84-4EE0-847C-1CBE8F71F501}.Release|x64.ActiveCfg = Release|x64
		{B3DB62FD-CD84-4EE0-847C-1CBE8F71F501}.Release|x64.Build.0 = Release|x64
		{8FC32900-833D-45C7-8771-85F8AAF8F106}.Debug|x64.ActiveCfg = Debug|x64
		{8FC32900-833D-45C7-8771-85F8AAF8F106}.Debug|x64.Build.0 = Debug|x64
		{8FC32900-833D-45C7-8771-85F8AAF8F106}.Release|x64.ActiveCfg = Release|x64
		{8FC32900-833D-45C7-8771-85F8AAF8F106}.Release|x64.Build.0 = Release|x64
	EndGlobalSection
	GlobalSection(SolutionProperties) = preSolution
		HideSolutionNode = FALSE
	EndGlobalSection
	GlobalSection(ExtensibilityGlobals) = postSolution
		SolutionGuid = {8D7D1B5F-26C3-4FA8-8EB3-ECF9F2B03F05}
	EndGlobalSection
EndGlobal
